{
  "originHash" : "53a97d5ea5da59713b4ca0e26a71d3a18cc18887e2ed7881c7f459978b5c301d",
  "pins" : [
    {
      "identity" : "player-sdk-ios",
      "kind" : "remoteSourceControl",
      "location" : "https://github.com/dailymotion/player-sdk-ios",
      "state" : {
        "revision" : "97843459faf6f4de2ea7898f22db06c52e7e11e0",
        "version" : "1.4.11"
      }
    }
  ],
  "version" : 3
}
